
Microsoft Visual Studio Solution File, Format Version 12.00
# Visual Studio Version 16
VisualStudioVersion = 16.0.31727.386
MinimumVisualStudioVersion = 10.0.40219.1
Project("{FAE04EC0-301F-11D3-BF4B-00C04F79EFBC}") = "RevitAPITrainingViewsSchedules", "RevitAPITrainingViewsSchedules\RevitAPITrainingViewsSchedules.csproj", "{02103780-EF68-42C9-B9C1-4A7BAA7B3725}"
EndProject
Project("{FAE04EC0-301F-11D3-BF4B-00C04F79EFBC}") = "RevitAPITraining_Library", "..\RevitAPI_Library\RevitAPITraining_Library\RevitAPITraining_Library.csproj", "{4AF5C852-7854-4904-B814-8638426D5E0F}"
EndProject
Global
	GlobalSection(SolutionConfigurationPlatforms) = preSolution
		Debug|Any CPU = Debug|Any CPU
		Release|Any CPU = Release|Any CPU
	EndGlobalSection
	GlobalSection(ProjectConfigurationPlatforms) = postSolution
		{02103780-EF68-42C9-B9C1-4A7BAA7B3725}.Debug|Any CPU.ActiveCfg = Debug|Any CPU
		{02103780-EF68-42C9-B9C1-4A7BAA7B3725}.Debug|Any CPU.Build.0 = Debug|Any CPU
		{02103780-EF68-42C9-B9C1-4A7BAA7B3725}.Release|Any CPU.ActiveCfg = Release|Any CPU
		{02103780-EF68-42C9-B9C1-4A7BAA7B3725}.Release|Any CPU.Build.0 = Release|Any CPU
		{4AF5C852-7854-4904-B814-8638426D5E0F}.Debug|Any CPU.ActiveCfg = Debug|Any CPU
		{4AF5C852-7854-4904-B814-8638426D5E0F}.Debug|Any CPU.Build.0 = Debug|Any CPU
		{4AF5C852-7854-4904-B814-8638426D5E0F}.Release|Any CPU.ActiveCfg = Release|Any CPU
		{4AF5C852-7854-4904-B814-8638426D5E0F}.Release|Any CPU.Build.0 = Release|Any CPU
	EndGlobalSection
	GlobalSection(SolutionProperties) = preSolution
		HideSolutionNode = FALSE
	EndGlobalSection
	GlobalSection(ExtensibilityGlobals) = postSolution
		SolutionGuid = {6054A3B4-3313-4477-9276-FCE7FB02416E}
	EndGlobalSection
EndGlobal
